
Microsoft Visual Studio Solution File, Format Version 12.00
# Visual Studio Version 16
VisualStudioVersion = 16.0.31624.102
MinimumVisualStudioVersion = 10.0.40219.1
Project("{8BC9CEB8-8B4A-11D0-8D11-00A0C91BC942}") = "asm_var_arifmetic", "asm_var_arifmetic.vcxproj", "{469F3D84-50F3-44CE-A1D7-5BB19FBD965D}"
EndProject
Global
	GlobalSection(SolutionConfigurationPlatforms) = preSolution
		Debug|x64 = Debug|x64
		Debug|x86 = Debug|x86
		Release|x64 = Release|x64
		Release|x86 = Release|x86
	EndGlobalSection
	GlobalSection(ProjectConfigurationPlatforms) = postSolution
		{469F3D84-50F3-44CE-A1D7-5BB19FBD965D}.Debug|x64.ActiveCfg = Debug|x64
		{469F3D84-50F3-44CE-A1D7-5BB19FBD965D}.Debug|x64.Build.0 = Debug|x64
		{469F3D84-50F3-44CE-A1D7-5BB19FBD965D}.Debug|x86.ActiveCfg = Debug|Win32
		{469F3D84-50F3-44CE-A1D7-5BB19FBD965D}.Debug|x86.Build.0 = Debug|Win32
		{469F3D84-50F3-44CE-A1D7-5BB19FBD965D}.Release|x64.ActiveCfg = Release|x64
		{469F3D84-50F3-44CE-A1D7-5BB19FBD965D}.Release|x64.Build.0 = Release|x64
		{469F3D84-50F3-44CE-A1D7-5BB19FBD965D}.Release|x86.ActiveCfg = Release|Win32
		{469F3D84-50F3-44CE-A1D7-5BB19FBD965D}.Release|x86.Build.0 = Release|Win32
	EndGlobalSection
	GlobalSection(SolutionProperties) = preSolution
		HideSolutionNode = FALSE
	EndGlobalSection
	GlobalSection(ExtensibilityGlobals) = postSolution
		SolutionGuid = {482D956F-BFCC-4522-8A61-D3440BD6B75E}
	EndGlobalSection
EndGlobal
